// !$*UTF8*$!
{
	archiveVersion = 1;
	classes = {
	};
	objectVersion = 50;
	objects = {

/* Begin PBXBuildFile section */
		FC1C040A22495C420009DC90 /* Double.swift in Sources */ = {isa = PBXBuildFile; fileRef = FC1C040922495C420009DC90 /* Double.swift */; };
		FC5098DC21514C9600522CE8 /* AppDelegate.swift in Sources */ = {isa = PBXBuildFile; fileRef = FC5098DB21514C9600522CE8 /* AppDelegate.swift */; };
		FC5098DE21514C9600522CE8 /* ViewController.swift in Sources */ = {isa = PBXBuildFile; fileRef = FC5098DD21514C9600522CE8 /* ViewController.swift */; };
		FC5098E121514C9600522CE8 /* Main.storyboard in Resources */ = {isa = PBXBuildFile; fileRef = FC5098DF21514C9600522CE8 /* Main.storyboard */; };
		FC5098E321514C9700522CE8 /* Assets.xcassets in Resources */ = {isa = PBXBuildFile; fileRef = FC5098E221514C9700522CE8 /* Assets.xcassets */; };
		FC5098E621514C9700522CE8 /* LaunchScreen.storyboard in Resources */ = {isa = PBXBuildFile; fileRef = FC5098E421514C9700522CE8 /* LaunchScreen.storyboard */; };
		FC5098F021514E6E00522CE8 /* UIView.swift in Sources */ = {isa = PBXBuildFile; fileRef = FC5098EF21514E6E00522CE8 /* UIView.swift */; };
		FC5098F22151867900522CE8 /* UICollectionViewCell.swift in Sources */ = {isa = PBXBuildFile; fileRef = FC5098F12151867900522CE8 /* UICollectionViewCell.swift */; };
		FC5098F421518D3700522CE8 /* UITextField.swift in Sources */ = {isa = PBXBuildFile; fileRef = FC5098F321518D3600522CE8 /* UITextField.swift */; };
		FC5098F62151959300522CE8 /* UITapGestureRecognizer.swift in Sources */ = {isa = PBXBuildFile; fileRef = FC5098F52151959300522CE8 /* UITapGestureRecognizer.swift */; };
		FC5098F82151985F00522CE8 /* UIViewController.swift in Sources */ = {isa = PBXBuildFile; fileRef = FC5098F72151985F00522CE8 /* UIViewController.swift */; };
		FC5098FA215198B800522CE8 /* UIButton.swift in Sources */ = {isa = PBXBuildFile; fileRef = FC5098F9215198B800522CE8 /* UIButton.swift */; };
		FC5098FC2151992700522CE8 /* UIImage.swift in Sources */ = {isa = PBXBuildFile; fileRef = FC5098FB2151992700522CE8 /* UIImage.swift */; };
		FC5098FF21519DDE00522CE8 /* String.swift in Sources */ = {isa = PBXBuildFile; fileRef = FC5098FE21519DDE00522CE8 /* String.swift */; };
		FC5099012151A0AE00522CE8 /* Date.swift in Sources */ = {isa = PBXBuildFile; fileRef = FC5099002151A0AE00522CE8 /* Date.swift */; };
		FC7390E42252AB27001EDCF5 /* URL.swift in Sources */ = {isa = PBXBuildFile; fileRef = FC7390E32252AB27001EDCF5 /* URL.swift */; };
/* End PBXBuildFile section */

/* Begin PBXFileReference section */
		FC1C040922495C420009DC90 /* Double.swift */ = {isa = PBXFileReference; lastKnownFileType = sourcecode.swift; path = Double.swift; sourceTree = "<group>"; };
		FC5098D821514C9600522CE8 /* Mextension.app */ = {isa = PBXFileReference; explicitFileType = wrapper.application; includeInIndex = 0; path = Mextension.app; sourceTree = BUILT_PRODUCTS_DIR; };
		FC5098DB21514C9600522CE8 /* AppDelegate.swift */ = {isa = PBXFileReference; lastKnownFileType = sourcecode.swift; path = AppDelegate.swift; sourceTree = "<group>"; };
		FC5098DD21514C9600522CE8 /* ViewController.swift */ = {isa = PBXFileReference; lastKnownFileType = sourcecode.swift; path = ViewController.swift; sourceTree = "<group>"; };
		FC5098E021514C9600522CE8 /* Base */ = {isa = PBXFileReference; lastKnownFileType = file.storyboard; name = Base; path = Base.lproj/Main.storyboard; sourceTree = "<group>"; };
		FC5098E221514C9700522CE8 /* Assets.xcassets */ = {isa = PBXFileReference; lastKnownFileType = folder.assetcatalog; path = Assets.xcassets; sourceTree = "<group>"; };
		FC5098E521514C9700522CE8 /* Base */ = {isa = PBXFileReference; lastKnownFileType = file.storyboard; name = Base; path = Base.lproj/LaunchScreen.storyboard; sourceTree = "<group>"; };
		FC5098E721514C9700522CE8 /* Info.plist */ = {isa = PBXFileReference; lastKnownFileType = text.plist.xml; path = Info.plist; sourceTree = "<group>"; };
		FC5098EF21514E6E00522CE8 /* UIView.swift */ = {isa = PBXFileReference; lastKnownFileType = sourcecode.swift; path = UIView.swift; sourceTree = "<group>"; };
		FC5098F12151867900522CE8 /* UICollectionViewCell.swift */ = {isa = PBXFileReference; lastKnownFileType = sourcecode.swift; path = UICollectionViewCell.swift; sourceTree = "<group>"; };
		FC5098F321518D3600522CE8 /* UITextField.swift */ = {isa = PBXFileReference; lastKnownFileType = sourcecode.swift; path = UITextField.swift; sourceTree = "<group>"; };
		FC5098F52151959300522CE8 /* UITapGestureRecognizer.swift */ = {isa = PBXFileReference; lastKnownFileType = sourcecode.swift; path = UITapGestureRecognizer.swift; sourceTree = "<group>"; };
		FC5098F72151985F00522CE8 /* UIViewController.swift */ = {isa = PBXFileReference; lastKnownFileType = sourcecode.swift; path = UIViewController.swift; sourceTree = "<group>"; };
		FC5098F9215198B800522CE8 /* UIButton.swift */ = {isa = PBXFileReference; lastKnownFileType = sourcecode.swift; path = UIButton.swift; sourceTree = "<group>"; };
		FC5098FB2151992700522CE8 /* UIImage.swift */ = {isa = PBXFileReference; lastKnownFileType = sourcecode.swift; path = UIImage.swift; sourceTree = "<group>"; };
		FC5098FE21519DDE00522CE8 /* String.swift */ = {isa = PBXFileReference; lastKnownFileType = sourcecode.swift; path = String.swift; sourceTree = "<group>"; };
		FC5099002151A0AE00522CE8 /* Date.swift */ = {isa = PBXFileReference; lastKnownFileType = sourcecode.swift; path = Date.swift; sourceTree = "<group>"; };
		FC7390E32252AB27001EDCF5 /* URL.swift */ = {isa = PBXFileReference; lastKnownFileType = sourcecode.swift; path = URL.swift; sourceTree = "<group>"; };
/* End PBXFileReference section */

/* Begin PBXFrameworksBuildPhase section */
		FC5098D521514C9600522CE8 /* Frameworks */ = {
			isa = PBXFrameworksBuildPhase;
			buildActionMask = 2147483647;
			files = (
			);
			runOnlyForDeploymentPostprocessing = 0;
		};
/* End PBXFrameworksBuildPhase section */

/* Begin PBXGroup section */
		FC5098CF21514C9600522CE8 = {
			isa = PBXGroup;
			children = (
				FC5098ED21514D7B00522CE8 /* Source */,
				FC5098DA21514C9600522CE8 /* Mextension */,
				FC5098D921514C9600522CE8 /* Products */,
			);
			sourceTree = "<group>";
		};
		FC5098D921514C9600522CE8 /* Products */ = {
			isa = PBXGroup;
			children = (
				FC5098D821514C9600522CE8 /* Mextension.app */,
			);
			name = Products;
			sourceTree = "<group>";
		};
		FC5098DA21514C9600522CE8 /* Mextension */ = {
			isa = PBXGroup;
			children = (
				FC5098DB21514C9600522CE8 /* AppDelegate.swift */,
				FC5098DD21514C9600522CE8 /* ViewController.swift */,
				FC5098DF21514C9600522CE8 /* Main.storyboard */,
				FC5098E221514C9700522CE8 /* Assets.xcassets */,
				FC5098E421514C9700522CE8 /* LaunchScreen.storyboard */,
				FC5098E721514C9700522CE8 /* Info.plist */,
			);
			path = Mextension;
			sourceTree = "<group>";
		};
		FC5098ED21514D7B00522CE8 /* Source */ = {
			isa = PBXGroup;
			children = (
				FC5098FD21519B2A00522CE8 /* Foundation+Extensions */,
				FC5098EE21514D9900522CE8 /* UIKit+Extensions */,
			);
			path = Source;
			sourceTree = "<group>";
		};
		FC5098EE21514D9900522CE8 /* UIKit+Extensions */ = {
			isa = PBXGroup;
			children = (
				FC5098EF21514E6E00522CE8 /* UIView.swift */,
				FC5098FB2151992700522CE8 /* UIImage.swift */,
				FC5098F9215198B800522CE8 /* UIButton.swift */,
				FC5098F321518D3600522CE8 /* UITextField.swift */,
				FC5098F72151985F00522CE8 /* UIViewController.swift */,
				FC5098F12151867900522CE8 /* UICollectionViewCell.swift */,
				FC5098F52151959300522CE8 /* UITapGestureRecognizer.swift */,
			);
			path = "UIKit+Extensions";
			sourceTree = "<group>";
		};
		FC5098FD21519B2A00522CE8 /* Foundation+Extensions */ = {
			isa = PBXGroup;
			children = (
				FC5099002151A0AE00522CE8 /* Date.swift */,
				FC1C040922495C420009DC90 /* Double.swift */,
				FC5098FE21519DDE00522CE8 /* String.swift */,
				FC7390E32252AB27001EDCF5 /* URL.swift */,
			);
			path = "Foundation+Extensions";
			sourceTree = "<group>";
		};
/* End PBXGroup section */

/* Begin PBXNativeTarget section */
		FC5098D721514C9600522CE8 /* Mextension */ = {
			isa = PBXNativeTarget;
			buildConfigurationList = FC5098EA21514C9700522CE8 /* Build configuration list for PBXNativeTarget "Mextension" */;
			buildPhases = (
				FC5098D421514C9600522CE8 /* Sources */,
				FC5098D521514C9600522CE8 /* Frameworks */,
				FC5098D621514C9600522CE8 /* Resources */,
			);
			buildRules = (
			);
			dependencies = (
			);
			name = Mextension;
			productName = Mextension;
			productReference = FC5098D821514C9600522CE8 /* Mextension.app */;
			productType = "com.apple.product-type.application";
		};
/* End PBXNativeTarget section */

/* Begin PBXProject section */
		FC5098D021514C9600522CE8 /* Project object */ = {
			isa = PBXProject;
			attributes = {
				LastSwiftUpdateCheck = 0940;
				LastUpgradeCheck = 0940;
				ORGANIZATIONNAME = "Vitor Mesquita";
				TargetAttributes = {
					FC5098D721514C9600522CE8 = {
						CreatedOnToolsVersion = 9.4;
						LastSwiftMigration = 1100;
					};
				};
			};
			buildConfigurationList = FC5098D321514C9600522CE8 /* Build configuration list for PBXProject "Mextension" */;
			compatibilityVersion = "Xcode 9.3";
			developmentRegion = en;
			hasScannedForEncodings = 0;
			knownRegions = (
				en,
				Base,
			);
			mainGroup = FC5098CF21514C9600522CE8;
			productRefGroup = FC5098D921514C9600522CE8 /* Products */;
			projectDirPath = "";
			projectRoot = "";
			targets = (
				FC5098D721514C9600522CE8 /* Mextension */,
			);
		};
/* End PBXProject section */

/* Begin PBXResourcesBuildPhase section */
		FC5098D621514C9600522CE8 /* Resources */ = {
			isa = PBXResourcesBuildPhase;
			buildActionMask = 2147483647;
			files = (
				FC5098E621514C9700522CE8 /* LaunchScreen.storyboard in Resources */,
				FC5098E321514C9700522CE8 /* Assets.xcassets in Resources */,
				FC5098E121514C9600522CE8 /* Main.storyboard in Resources */,
			);
			runOnlyForDeploymentPostprocessing = 0;
		};
/* End PBXResourcesBuildPhase section */

/* Begin PBXSourcesBuildPhase section */
		FC5098D421514C9600522CE8 /* Sources */ = {
			isa = PBXSourcesBuildPhase;
			buildActionMask = 2147483647;
			files = (
				FC5098F82151985F00522CE8 /* UIViewController.swift in Sources */,
				FC5098DE21514C9600522CE8 /* ViewController.swift in Sources */,
				FC5098FF21519DDE00522CE8 /* String.swift in Sources */,
				FC1C040A22495C420009DC90 /* Double.swift in Sources */,
				FC5098F421518D3700522CE8 /* UITextField.swift in Sources */,
				FC7390E42252AB27001EDCF5 /* URL.swift in Sources */,
				FC5098FA215198B800522CE8 /* UIButton.swift in Sources */,
				FC5098F021514E6E00522CE8 /* UIView.swift in Sources */,
				FC5098F62151959300522CE8 /* UITapGestureRecognizer.swift in Sources */,
				FC5098FC2151992700522CE8 /* UIImage.swift in Sources */,
				FC5099012151A0AE00522CE8 /* Date.swift in Sources */,
				FC5098F22151867900522CE8 /* UICollectionViewCell.swift in Sources */,
				FC5098DC21514C9600522CE8 /* AppDelegate.swift in Sources */,
			);
			runOnlyForDeploymentPostprocessing = 0;
		};
/* End PBXSourcesBuildPhase section */

/* Begin PBXVariantGroup section */
		FC5098DF21514C9600522CE8 /* Main.storyboard */ = {
			isa = PBXVariantGroup;
			children = (
				FC5098E021514C9600522CE8 /* Base */,
			);
			name = Main.storyboard;
			sourceTree = "<group>";
		};
		FC5098E421514C9700522CE8 /* LaunchScreen.storyboard */ = {
			isa = PBXVariantGroup;
			children = (
				FC5098E521514C9700522CE8 /* Base */,
			);
			name = LaunchScreen.storyboard;
			sourceTree = "<group>";
		};
/* End PBXVariantGroup section */

/* Begin XCBuildConfiguration section */
		FC5098E821514C9700522CE8 /* Debug */ = {
			isa = XCBuildConfiguration;
			buildSettings = {
				ALWAYS_SEARCH_USER_PATHS = NO;
				CLANG_ANALYZER_NONNULL = YES;
				CLANG_ANALYZER_NUMBER_OBJECT_CONVERSION = YES_AGGRESSIVE;
				CLANG_CXX_LANGUAGE_STANDARD = "gnu++14";
				CLANG_CXX_LIBRARY = "libc++";
				CLANG_ENABLE_MODULES = YES;
				CLANG_ENABLE_OBJC_ARC = YES;
				CLANG_ENABLE_OBJC_WEAK = YES;
				CLANG_WARN_BLOCK_CAPTURE_AUTORELEASING = YES;
				CLANG_WARN_BOOL_CONVERSION = YES;
				CLANG_WARN_COMMA = YES;
				CLANG_WARN_CONSTANT_CONVERSION = YES;
				CLANG_WARN_DEPRECATED_OBJC_IMPLEMENTATIONS = YES;
				CLANG_WARN_DIRECT_OBJC_ISA_USAGE = YES_ERROR;
				CLANG_WARN_DOCUMENTATION_COMMENTS = YES;
				CLANG_WARN_EMPTY_BODY = YES;
				CLANG_WARN_ENUM_CONVERSION = YES;
				CLANG_WARN_INFINITE_RECURSION = YES;
				CLANG_WARN_INT_CONVERSION = YES;
				CLANG_WARN_NON_LITERAL_NULL_CONVERSION = YES;
				CLANG_WARN_OBJC_IMPLICIT_RETAIN_SELF = YES;
				CLANG_WARN_OBJC_LITERAL_CONVERSION = YES;
				CLANG_WARN_OBJC_ROOT_CLASS = YES_ERROR;
				CLANG_WARN_RANGE_LOOP_ANALYSIS = YES;
				CLANG_WARN_STRICT_PROTOTYPES = YES;
				CLANG_WARN_SUSPICIOUS_MOVE = YES;
				CLANG_WARN_UNGUARDED_AVAILABILITY = YES_AGGRESSIVE;
				CLANG_WARN_UNREACHABLE_CODE = YES;
				CLANG_WARN__DUPLICATE_METHOD_MATCH = YES;
				CODE_SIGN_IDENTITY = "iPhone Developer";
				COPY_PHASE_STRIP = NO;
				DEBUG_INFORMATION_FORMAT = dwarf;
				ENABLE_STRICT_OBJC_MSGSEND = YES;
				ENABLE_TESTABILITY = YES;
				GCC_C_LANGUAGE_STANDARD = gnu11;
				GCC_DYNAMIC_NO_PIC = NO;
				GCC_NO_COMMON_BLOCKS = YES;
				GCC_OPTIMIZATION_LEVEL = 0;
				GCC_PREPROCESSOR_DEFINITIONS = (
					"DEBUG=1",
					"$(inherited)",
				);
				GCC_WARN_64_TO_32_BIT_CONVERSION = YES;
				GCC_WARN_ABOUT_RETURN_TYPE = YES_ERROR;
				GCC_WARN_UNDECLARED_SELECTOR = YES;
				GCC_WARN_UNINITIALIZED_AUTOS = YES_AGGRESSIVE;
				GCC_WARN_UNUSED_FUNCTION = YES;
				GCC_WARN_UNUSED_VARIABLE = YES;
				IPHONEOS_DEPLOYMENT_TARGET = 11.4;
				MTL_ENABLE_DEBUG_INFO = YES;
				ONLY_ACTIVE_ARCH = YES;
				SDKROOT = iphoneos;
				SWIFT_ACTIVE_COMPILATION_CONDITIONS = DEBUG;
				SWIFT_OPTIMIZATION_LEVEL = "-Onone";
			};
			name = Debug;
		};
		FC5098E921514C9700522CE8 /* Release */ = {
			isa = XCBuildConfiguration;
			buildSettings = {
				ALWAYS_SEARCH_USER_PATHS = NO;
				CLANG_ANALYZER_NONNULL = YES;
				CLANG_ANALYZER_NUMBER_OBJECT_CONVERSION = YES_AGGRESSIVE;
				CLANG_CXX_LANGUAGE_STANDARD = "gnu++14";
				CLANG_CXX_LIBRARY = "libc++";
				CLANG_ENABLE_MODULES = YES;
				CLANG_ENABLE_OBJC_ARC = YES;
				CLANG_ENABLE_OBJC_WEAK = YES;
				CLANG_WARN_BLOCK_CAPTURE_AUTORELEASING = YES;
				CLANG_WARN_BOOL_CONVERSION = YES;
				CLANG_WARN_COMMA = YES;
				CLANG_WARN_CONSTANT_CONVERSION = YES;
				CLANG_WARN_DEPRECATED_OBJC_IMPLEMENTATIONS = YES;
				CLANG_WARN_DIRECT_OBJC_ISA_USAGE = YES_ERROR;
				CLANG_WARN_DOCUMENTATION_COMMENTS = YES;
				CLANG_WARN_EMPTY_BODY = YES;
				CLANG_WARN_ENUM_CONVERSION = YES;
				CLANG_WARN_INFINITE_RECURSION = YES;
				CLANG_WARN_INT_CONVERSION = YES;
				CLANG_WARN_NON_LITERAL_NULL_CONVERSION = YES;
				CLANG_WARN_OBJC_IMPLICIT_RETAIN_SELF = YES;
				CLANG_WARN_OBJC_LITERAL_CONVERSION = YES;
				CLANG_WARN_OBJC_ROOT_CLASS = YES_ERROR;
				CLANG_WARN_RANGE_LOOP_ANALYSIS = YES;
				CLANG_WARN_STRICT_PROTOTYPES = YES;
				CLANG_WARN_SUSPICIOUS_MOVE = YES;
				CLANG_WARN_UNGUARDED_AVAILABILITY = YES_AGGRESSIVE;
				CLANG_WARN_UNREACHABLE_CODE = YES;
				CLANG_WARN__DUPLICATE_METHOD_MATCH = YES;
				CODE_SIGN_IDENTITY = "iPhone Developer";
				COPY_PHASE_STRIP = NO;
				DEBUG_INFORMATION_FORMAT = "dwarf-with-dsym";
				ENABLE_NS_ASSERTIONS = NO;
				ENABLE_STRICT_OBJC_MSGSEND = YES;
				GCC_C_LANGUAGE_STANDARD = gnu11;
				GCC_NO_COMMON_BLOCKS = YES;
				GCC_WARN_64_TO_32_BIT_CONVERSION = YES;
				GCC_WARN_ABOUT_RETURN_TYPE = YES_ERROR;
				GCC_WARN_UNDECLARED_SELECTOR = YES;
				GCC_WARN_UNINITIALIZED_AUTOS = YES_AGGRESSIVE;
				GCC_WARN_UNUSED_FUNCTION = YES;
				GCC_WARN_UNUSED_VARIABLE = YES;
				IPHONEOS_DEPLOYMENT_TARGET = 11.4;
				MTL_ENABLE_DEBUG_INFO = NO;
				SDKROOT = iphoneos;
				SWIFT_COMPILATION_MODE = wholemodule;
				SWIFT_OPTIMIZATION_LEVEL = "-O";
				VALIDATE_PRODUCT = YES;
			};
			name = Release;
		};
		FC5098EB21514C9700522CE8 /* Debug */ = {
			isa = XCBuildConfiguration;
			buildSettings = {
				ASSETCATALOG_COMPILER_APPICON_NAME = AppIcon;
				CODE_SIGN_STYLE = Automatic;
				DEVELOPMENT_TEAM = KXWH4SC5H2;
				INFOPLIST_FILE = Mextension/Info.plist;
				LD_RUNPATH_SEARCH_PATHS = (
					"$(inherited)",
					"@executable_path/Frameworks",
				);
				PRODUCT_BUNDLE_IDENTIFIER = br.com.vitormesquita.Mextension;
				PRODUCT_NAME = "$(TARGET_NAME)";
				SWIFT_VERSION = 5.0;
				TARGETED_DEVICE_FAMILY = "1,2";
			};
			name = Debug;
		};
		FC5098EC21514C9700522CE8 /* Release */ = {
			isa = XCBuildConfiguration;
			buildSettings = {
				ASSETCATALOG_COMPILER_APPICON_NAME = AppIcon;
				CODE_SIGN_STYLE = Automatic;
				DEVELOPMENT_TEAM = KXWH4SC5H2;
				INFOPLIST_FILE = Mextension/Info.plist;
				LD_RUNPATH_SEARCH_PATHS = (
					"$(inherited)",
					"@executable_path/Frameworks",
				);
				PRODUCT_BUNDLE_IDENTIFIER = br.com.vitormesquita.Mextension;
				PRODUCT_NAME = "$(TARGET_NAME)";
				SWIFT_VERSION = 5.0;
				TARGETED_DEVICE_FAMILY = "1,2";
			};
			name = Release;
		};
/* End XCBuildConfiguration section */

/* Begin XCConfigurationList section */
		FC5098D321514C9600522CE8 /* Build configuration list for PBXProject "Mextension" */ = {
			isa = XCConfigurationList;
			buildConfigurations = (
				FC5098E821514C9700522CE8 /* Debug */,
				FC5098E921514C9700522CE8 /* Release */,
			);
			defaultConfigurationIsVisible = 0;
			defaultConfigurationName = Release;
		};
		FC5098EA21514C9700522CE8 /* Build configuration list for PBXNativeTarget "Mextension" */ = {
			isa = XCConfigurationList;
			buildConfigurations = (
				FC5098EB21514C9700522CE8 /* Debug */,
				FC5098EC21514C9700522CE8 /* Release */,
			);
			defaultConfigurationIsVisible = 0;
			defaultConfigurationName = Release;
		};
/* End XCConfigurationList section */
	};
	rootObject = FC5098D021514C9600522CE8 /* Project object */;
}
